{
  "name": "angular-editable",
  "version": "0.0.1",
  "lockfileVersion": 2,
  "requires": true,
  "packages": {
    "": {
      "name": "angular-editable",
      "version": "0.0.1",
      "dependencies": {
        "@ng-select/ng-select": "^8.1.1",
        "rangy": "^1.3.0",
        "tslib": "^2.3.0"
      },
      "devDependencies": {
        "@ng-select/ng-select": "^8.1.1",
        "@types/rangy": "^0.0.34"
      },
      "peerDependencies": {
        "@angular/common": "^13.1.0",
        "@angular/core": "^13.1.0"
      }
    },
    "node_modules/@angular/common": {
      "version": "13.1.1",
      "resolved": "https://registry.npmjs.org/@angular/common/-/common-13.1.1.tgz",
      "integrity": "sha512-FQwRZ1XgTH2PbPjBmq2jAZzETVNX9yWQt21MuNGtokC7V4eS0NYlFIDbhy3UPWCzRgd3+P7P4+HdX15VxCjf9g==",
      "peer": true,
      "dependencies": {
        "tslib": "^2.3.0"
      },
      "engines": {
        "node": "^12.20.0 || ^14.15.0 || >=16.10.0"
      },
      "peerDependencies": {
        "@angular/core": "13.1.1",
        "rxjs": "^6.5.3 || ^7.4.0"
      }
    },
    "node_modules/@angular/core": {
      "version": "13.1.1",
      "resolved": "https://registry.npmjs.org/@angular/core/-/core-13.1.1.tgz",
      "integrity": "sha512-oLGKgzUbHqte/q7EokOJWUiXAtBjwuZM6c9Or2a7WDJNeImQilxk5qy91RPSbP8FhOBysebqAayrfiCYexlShg==",
      "peer": true,
      "dependencies": {
        "tslib": "^2.3.0"
      },
      "engines": {
        "node": "^12.20.0 || ^14.15.0 || >=16.10.0"
      },
      "peerDependencies": {
        "rxjs": "^6.5.3 || ^7.4.0",
        "zone.js": "~0.11.4"
      }
    },
    "node_modules/@angular/forms": {
      "version": "13.1.1",
      "resolved": "https://registry.npmjs.org/@angular/forms/-/forms-13.1.1.tgz",
      "integrity": "sha512-wtYzRHPv4mf1Vsi4GEal5qcI2wjqUW+lu8Fsd2Aoe8NqkwtY3fq+iWEP/4pnvmH0RlC+3QbNNV/01D5UKolvgg==",
      "dev": true,
      "peer": true,
      "dependencies": {
        "tslib": "^2.3.0"
      },
      "engines": {
        "node": "^12.20.0 || ^14.15.0 || >=16.10.0"
      },
      "peerDependencies": {
        "@angular/common": "13.1.1",
        "@angular/core": "13.1.1",
        "@angular/platform-browser": "13.1.1",
        "rxjs": "^6.5.3 || ^7.4.0"
      }
    },
    "node_modules/@angular/platform-browser": {
      "version": "13.1.1",
      "resolved": "https://registry.npmjs.org/@angular/platform-browser/-/platform-browser-13.1.1.tgz",
      "integrity": "sha512-jk9MGwnaVc98wmw5dRBicduI/a8dHtUzaAi1dV003fUWldS9a5FBuj/ym7DJubaD5Njl8l79SFbjrP9aAsqM5A==",
      "dev": true,
      "peer": true,
      "dependencies": {
        "tslib": "^2.3.0"
      },
      "engines": {
        "node": "^12.20.0 || ^14.15.0 || >=16.10.0"
      },
      "peerDependencies": {
        "@angular/animations": "13.1.1",
        "@angular/common": "13.1.1",
        "@angular/core": "13.1.1"
      },
      "peerDependenciesMeta": {
        "@angular/animations": {
          "optional": true
        }
      }
    },
    "node_modules/@ng-select/ng-select": {
      "version": "8.1.1",
      "resolved": "https://registry.npmjs.org/@ng-select/ng-select/-/ng-select-8.1.1.tgz",
      "integrity": "sha512-CP9Pve3L1aGqej38T9utdd6Waobbybwe9QIEObwicBI5fiIMAXwKT6lFT3fDLTUK/79y5nebiGtwTBfMm71Psg==",
      "dev": true,
      "dependencies": {
        "tslib": "^2.3.1"
      },
      "engines": {
        "node": ">= 12.20.0",
        "npm": ">= 6.0.0"
      },
      "peerDependencies": {
        "@angular/common": ">=13.0.0 <14.0.0",
        "@angular/core": ">=13.0.0 <14.0.0",
        "@angular/forms": ">=13.0.0 <14.0.0"
      }
    },
    "node_modules/@types/rangy": {
      "version": "0.0.34",
      "resolved": "https://registry.npmjs.org/@types/rangy/-/rangy-0.0.34.tgz",
      "integrity": "sha512-O+3+y+mZnQxhmO9zy4esWpc5YOvLUPwc52PCDv0TpJCPjeWStLlvOmsnX4iZvmqKNOQA2A/4rSoKYcQPjt2IEg==",
      "dev": true
    },
    "node_modules/rangy": {
      "version": "1.3.0",
      "resolved": "https://registry.npmjs.org/rangy/-/rangy-1.3.0.tgz",
      "integrity": "sha1-t8mnCuoF5djNx0qNTIJz1pcnGQQ="
    },
    "node_modules/rxjs": {
      "version": "7.5.1",
      "resolved": "https://registry.npmjs.org/rxjs/-/rxjs-7.5.1.tgz",
      "integrity": "sha512-KExVEeZWxMZnZhUZtsJcFwz8IvPvgu4G2Z2QyqjZQzUGr32KDYuSxrEYO4w3tFFNbfLozcrKUTvTPi+E9ywJkQ==",
      "peer": true,
      "dependencies": {
        "tslib": "^2.1.0"
      }
    },
    "node_modules/tslib": {
      "version": "2.3.1",
      "resolved": "https://registry.npmjs.org/tslib/-/tslib-2.3.1.tgz",
      "integrity": "sha512-77EbyPPpMz+FRFRuAFlWMtmgUWGe9UOG2Z25NqCwiIjRhOf5iKGuzSe5P2w1laq+FkRy4p+PCuVkJSGkzTEKVw=="
    },
    "node_modules/zone.js": {
      "version": "0.11.4",
      "resolved": "https://registry.npmjs.org/zone.js/-/zone.js-0.11.4.tgz",
      "integrity": "sha512-DDh2Ab+A/B+9mJyajPjHFPWfYU1H+pdun4wnnk0OcQTNjem1XQSZ2CDW+rfZEUDjv5M19SBqAkjZi0x5wuB5Qw==",
      "peer": true,
      "dependencies": {
        "tslib": "^2.0.0"
      }
    }
  },
  "dependencies": {
    "@angular/common": {
      "version": "13.1.1",
      "resolved": "https://registry.npmjs.org/@angular/common/-/common-13.1.1.tgz",
      "integrity": "sha512-FQwRZ1XgTH2PbPjBmq2jAZzETVNX9yWQt21MuNGtokC7V4eS0NYlFIDbhy3UPWCzRgd3+P7P4+HdX15VxCjf9g==",
      "peer": true,
      "requires": {
        "tslib": "^2.3.0"
      }
    },
    "@angular/core": {
      "version": "13.1.1",
      "resolved": "https://registry.npmjs.org/@angular/core/-/core-13.1.1.tgz",
      "integrity": "sha512-oLGKgzUbHqte/q7EokOJWUiXAtBjwuZM6c9Or2a7WDJNeImQilxk5qy91RPSbP8FhOBysebqAayrfiCYexlShg==",
      "peer": true,
      "requires": {
        "tslib": "^2.3.0"
      }
    },
    "@angular/forms": {
      "version": "13.1.1",
      "resolved": "https://registry.npmjs.org/@angular/forms/-/forms-13.1.1.tgz",
      "integrity": "sha512-wtYzRHPv4mf1Vsi4GEal5qcI2wjqUW+lu8Fsd2Aoe8NqkwtY3fq+iWEP/4pnvmH0RlC+3QbNNV/01D5UKolvgg==",
      "dev": true,
      "peer": true,
      "requires": {
        "tslib": "^2.3.0"
      }
    },
    "@angular/platform-browser": {
      "version": "13.1.1",
      "resolved": "https://registry.npmjs.org/@angular/platform-browser/-/platform-browser-13.1.1.tgz",
      "integrity": "sha512-jk9MGwnaVc98wmw5dRBicduI/a8dHtUzaAi1dV003fUWldS9a5FBuj/ym7DJubaD5Njl8l79SFbjrP9aAsqM5A==",
      "dev": true,
      "peer": true,
      "requires": {
        "tslib": "^2.3.0"
      }
    },
    "@ng-select/ng-select": {
      "version": "8.1.1",
      "resolved": "https://registry.npmjs.org/@ng-select/ng-select/-/ng-select-8.1.1.tgz",
      "integrity": "sha512-CP9Pve3L1aGqej38T9utdd6Waobbybwe9QIEObwicBI5fiIMAXwKT6lFT3fDLTUK/79y5nebiGtwTBfMm71Psg==",
      "dev": true,
      "requires": {
        "tslib": "^2.3.1"
      }
    },
    "@types/rangy": {
      "version": "0.0.34",
      "resolved": "https://registry.npmjs.org/@types/rangy/-/rangy-0.0.34.tgz",
      "integrity": "sha512-O+3+y+mZnQxhmO9zy4esWpc5YOvLUPwc52PCDv0TpJCPjeWStLlvOmsnX4iZvmqKNOQA2A/4rSoKYcQPjt2IEg==",
      "dev": true
    },
    "rangy": {
      "version": "1.3.0",
      "resolved": "https://registry.npmjs.org/rangy/-/rangy-1.3.0.tgz",
      "integrity": "sha1-t8mnCuoF5djNx0qNTIJz1pcnGQQ="
    },
    "rxjs": {
      "version": "7.5.1",
      "resolved": "https://registry.npmjs.org/rxjs/-/rxjs-7.5.1.tgz",
      "integrity": "sha512-KExVEeZWxMZnZhUZtsJcFwz8IvPvgu4G2Z2QyqjZQzUGr32KDYuSxrEYO4w3tFFNbfLozcrKUTvTPi+E9ywJkQ==",
      "peer": true,
      "requires": {
        "tslib": "^2.1.0"
      }
    },
    "tslib": {
      "version": "2.3.1",
      "resolved": "https://registry.npmjs.org/tslib/-/tslib-2.3.1.tgz",
      "integrity": "sha512-77EbyPPpMz+FRFRuAFlWMtmgUWGe9UOG2Z25NqCwiIjRhOf5iKGuzSe5P2w1laq+FkRy4p+PCuVkJSGkzTEKVw=="
    },
    "zone.js": {
      "version": "0.11.4",
      "resolved": "https://registry.npmjs.org/zone.js/-/zone.js-0.11.4.tgz",
      "integrity": "sha512-DDh2Ab+A/B+9mJyajPjHFPWfYU1H+pdun4wnnk0OcQTNjem1XQSZ2CDW+rfZEUDjv5M19SBqAkjZi0x5wuB5Qw==",
      "peer": true,
      "requires": {
        "tslib": "^2.0.0"
      }
    }
  }
}
